// !$*UTF8*$!
{
	archiveVersion = 1;
	classes = {
	};
	objectVersion = 46;
	objects = {

/* Begin PBXBuildFile section */
		993376C11A08BC5700126087 /* temp_image@2x.png in Resources */ = {isa = PBXBuildFile; fileRef = 993376C01A08BC5700126087 /* temp_image@2x.png */; };
		9943B5C81A2C4ABD0030D749 /* AlertAdapterViewController.m in Sources */ = {isa = PBXBuildFile; fileRef = 9943B5C71A2C4ABD0030D749 /* AlertAdapterViewController.m */; };
		9948E4B31A199E0A000E841F /* KeyboardAdaptViewController.m in Sources */ = {isa = PBXBuildFile; fileRef = 9948E4B21A199E0A000E841F /* KeyboardAdaptViewController.m */; };
		9948E4B61A199ED3000E841F /* KeyboardAdaptView.m in Sources */ = {isa = PBXBuildFile; fileRef = 9948E4B51A199ED3000E841F /* KeyboardAdaptView.m */; };
		9948E4B91A199EEA000E841F /* KeyboardAdaptUnFullScreenView.m in Sources */ = {isa = PBXBuildFile; fileRef = 9948E4B81A199EEA000E841F /* KeyboardAdaptUnFullScreenView.m */; };
		9948E4BC1A19D4AB000E841F /* PFKGNavigationController.m in Sources */ = {isa = PBXBuildFile; fileRef = 9948E4BB1A19D4AB000E841F /* PFKGNavigationController.m */; };
		9948E4BF1A19F47D000E841F /* M2ScreenCalcHelper.m in Sources */ = {isa = PBXBuildFile; fileRef = 9948E4BE1A19F47D000E841F /* M2ScreenCalcHelper.m */; };
		996EBF0A1A24627200345855 /* HtmlViewController.m in Sources */ = {isa = PBXBuildFile; fileRef = 996EBF091A24627200345855 /* HtmlViewController.m */; };
		996EBF0D1A2469E000345855 /* html.html in Resources */ = {isa = PBXBuildFile; fileRef = 996EBF0C1A2469E000345855 /* html.html */; };
		998055E61A26C3F0003A150B /* ItemScrollViewController.m in Sources */ = {isa = PBXBuildFile; fileRef = 998055E51A26C3F0003A150B /* ItemScrollViewController.m */; };
		998055E91A26C42A003A150B /* ScrollItemsBrowser.m in Sources */ = {isa = PBXBuildFile; fileRef = 998055E81A26C42A003A150B /* ScrollItemsBrowser.m */; };
		998055EC1A26C861003A150B /* ScrollItem.m in Sources */ = {isa = PBXBuildFile; fileRef = 998055EB1A26C861003A150B /* ScrollItem.m */; };
		9985D9D119F5F6A400A0506B /* ZhToPinyinViewController.m in Sources */ = {isa = PBXBuildFile; fileRef = 9985D9D019F5F6A400A0506B /* ZhToPinyinViewController.m */; };
		99B4092F1A2C5736000C7C8C /* M2AlertHelper.m in Sources */ = {isa = PBXBuildFile; fileRef = 99B4092E1A2C5736000C7C8C /* M2AlertHelper.m */; };
		99B409651A2CC6DE000C7C8C /* From1ToNViewController.m in Sources */ = {isa = PBXBuildFile; fileRef = 99B409641A2CC6DE000C7C8C /* From1ToNViewController.m */; };
		99B409681A2CC906000C7C8C /* M2Item1ToNTabView.m in Sources */ = {isa = PBXBuildFile; fileRef = 99B409671A2CC906000C7C8C /* M2Item1ToNTabView.m */; };
		99CE325D1A3549F8009938BC /* BadgeViewController.m in Sources */ = {isa = PBXBuildFile; fileRef = 99CE325C1A3549F8009938BC /* BadgeViewController.m */; };
		99CE32601A354A0D009938BC /* BadgeView.m in Sources */ = {isa = PBXBuildFile; fileRef = 99CE325F1A354A0C009938BC /* BadgeView.m */; };
		99CE32631A354D62009938BC /* M2BadgeView.m in Sources */ = {isa = PBXBuildFile; fileRef = 99CE32621A354D62009938BC /* M2BadgeView.m */; };
		99DEE2AB1A09C98E00D6F734 /* M7IdleSpaceFinder.m in Sources */ = {isa = PBXBuildFile; fileRef = 99DEE2AA1A09C98E00D6F734 /* M7IdleSpaceFinder.m */; };
		99DEE2CE1A0A1DD800D6F734 /* ImageCommentLinesView.m in Sources */ = {isa = PBXBuildFile; fileRef = 99DEE2CD1A0A1DD800D6F734 /* ImageCommentLinesView.m */; };
		99DEE2D11A0B0CB600D6F734 /* M7SimpleIdleSpaceFinder.m in Sources */ = {isa = PBXBuildFile; fileRef = 99DEE2D01A0B0CB600D6F734 /* M7SimpleIdleSpaceFinder.m */; };
		99DEE2E11A0B595500D6F734 /* ImageCommentNoLineViewController.m in Sources */ = {isa = PBXBuildFile; fileRef = 99DEE2E01A0B595500D6F734 /* ImageCommentNoLineViewController.m */; };
		99DEE2E41A0B598400D6F734 /* ImageCommentNoLineView.m in Sources */ = {isa = PBXBuildFile; fileRef = 99DEE2E31A0B598400D6F734 /* ImageCommentNoLineView.m */; };
		99DFE1D219EA91F0008B20F2 /* Foundation.framework in Frameworks */ = {isa = PBXBuildFile; fileRef = 99DFE1D119EA91F0008B20F2 /* Foundation.framework */; };
		99DFE1D419EA91F0008B20F2 /* CoreGraphics.framework in Frameworks */ = {isa = PBXBuildFile; fileRef = 99DFE1D319EA91F0008B20F2 /* CoreGraphics.framework */; };
		99DFE1D619EA91F0008B20F2 /* UIKit.framework in Frameworks */ = {isa = PBXBuildFile; fileRef = 99DFE1D519EA91F0008B20F2 /* UIKit.framework */; };
		99DFE1DC19EA91F0008B20F2 /* InfoPlist.strings in Resources */ = {isa = PBXBuildFile; fileRef = 99DFE1DA19EA91F0008B20F2 /* InfoPlist.strings */; };
		99DFE1DE19EA91F0008B20F2 /* main.m in Sources */ = {isa = PBXBuildFile; fileRef = 99DFE1DD19EA91F0008B20F2 /* main.m */; };
		99DFE1E219EA91F0008B20F2 /* AppDelegate.m in Sources */ = {isa = PBXBuildFile; fileRef = 99DFE1E119EA91F0008B20F2 /* AppDelegate.m */; };
		99DFE1E419EA91F0008B20F2 /* Images.xcassets in Resources */ = {isa = PBXBuildFile; fileRef = 99DFE1E319EA91F0008B20F2 /* Images.xcassets */; };
		99DFE20219EA9240008B20F2 /* RootViewController.m in Sources */ = {isa = PBXBuildFile; fileRef = 99DFE20119EA9240008B20F2 /* RootViewController.m */; };
		99DFE20519EA924F008B20F2 /* _tempViewController.m in Sources */ = {isa = PBXBuildFile; fileRef = 99DFE20419EA924F008B20F2 /* _tempViewController.m */; };
		99DFE20B19EAA2A5008B20F2 /* ImageCommentViewController.m in Sources */ = {isa = PBXBuildFile; fileRef = 99DFE20A19EAA2A5008B20F2 /* ImageCommentViewController.m */; };
		99DFE20E19EAA2C6008B20F2 /* ImageCommentView.m in Sources */ = {isa = PBXBuildFile; fileRef = 99DFE20D19EAA2C6008B20F2 /* ImageCommentView.m */; };
		99E902AB1A2D59CC009A9F42 /* M2AlertOldStyleHelper.m in Sources */ = {isa = PBXBuildFile; fileRef = 99E902AA1A2D59CC009A9F42 /* M2AlertOldStyleHelper.m */; };
/* End PBXBuildFile section */

/* Begin PBXFileReference section */
		993376C01A08BC5700126087 /* temp_image@2x.png */ = {isa = PBXFileReference; lastKnownFileType = image.png; path = "temp_image@2x.png"; sourceTree = "<group>"; };
		9943B5C61A2C4ABD0030D749 /* AlertAdapterViewController.h */ = {isa = PBXFileReference; fileEncoding = 4; lastKnownFileType = sourcecode.c.h; path = AlertAdapterViewController.h; sourceTree = "<group>"; };
		9943B5C71A2C4ABD0030D749 /* AlertAdapterViewController.m */ = {isa = PBXFileReference; fileEncoding = 4; lastKnownFileType = sourcecode.c.objc; path = AlertAdapterViewController.m; sourceTree = "<group>"; };
		9948E4B11A199E0A000E841F /* KeyboardAdaptViewController.h */ = {isa = PBXFileReference; fileEncoding = 4; lastKnownFileType = sourcecode.c.h; path = KeyboardAdaptViewController.h; sourceTree = "<group>"; };
		9948E4B21A199E0A000E841F /* KeyboardAdaptViewController.m */ = {isa = PBXFileReference; fileEncoding = 4; lastKnownFileType = sourcecode.c.objc; path = KeyboardAdaptViewController.m; sourceTree = "<group>"; };
		9948E4B41A199ED3000E841F /* KeyboardAdaptView.h */ = {isa = PBXFileReference; fileEncoding = 4; lastKnownFileType = sourcecode.c.h; path = KeyboardAdaptView.h; sourceTree = "<group>"; };
		9948E4B51A199ED3000E841F /* KeyboardAdaptView.m */ = {isa = PBXFileReference; fileEncoding = 4; lastKnownFileType = sourcecode.c.objc; path = KeyboardAdaptView.m; sourceTree = "<group>"; };
		9948E4B71A199EEA000E841F /* KeyboardAdaptUnFullScreenView.h */ = {isa = PBXFileReference; fileEncoding = 4; lastKnownFileType = sourcecode.c.h; path = KeyboardAdaptUnFullScreenView.h; sourceTree = "<group>"; };
		9948E4B81A199EEA000E841F /* KeyboardAdaptUnFullScreenView.m */ = {isa = PBXFileReference; fileEncoding = 4; lastKnownFileType = sourcecode.c.objc; path = KeyboardAdaptUnFullScreenView.m; sourceTree = "<group>"; };
		9948E4BA1A19D4AB000E841F /* PFKGNavigationController.h */ = {isa = PBXFileReference; fileEncoding = 4; lastKnownFileType = sourcecode.c.h; path = PFKGNavigationController.h; sourceTree = "<group>"; };
		9948E4BB1A19D4AB000E841F /* PFKGNavigationController.m */ = {isa = PBXFileReference; fileEncoding = 4; lastKnownFileType = sourcecode.c.objc; path = PFKGNavigationController.m; sourceTree = "<group>"; };
		9948E4BD1A19F47D000E841F /* M2ScreenCalcHelper.h */ = {isa = PBXFileReference; fileEncoding = 4; lastKnownFileType = sourcecode.c.h; path = M2ScreenCalcHelper.h; sourceTree = "<group>"; };
		9948E4BE1A19F47D000E841F /* M2ScreenCalcHelper.m */ = {isa = PBXFileReference; fileEncoding = 4; lastKnownFileType = sourcecode.c.objc; path = M2ScreenCalcHelper.m; sourceTree = "<group>"; };
		996EBF081A24627200345855 /* HtmlViewController.h */ = {isa = PBXFileReference; fileEncoding = 4; lastKnownFileType = sourcecode.c.h; path = HtmlViewController.h; sourceTree = "<group>"; };
		996EBF091A24627200345855 /* HtmlViewController.m */ = {isa = PBXFileReference; fileEncoding = 4; lastKnownFileType = sourcecode.c.objc; path = HtmlViewController.m; sourceTree = "<group>"; };
		996EBF0C1A2469E000345855 /* html.html */ = {isa = PBXFileReference; fileEncoding = 4; lastKnownFileType = text.html; path = html.html; sourceTree = "<group>"; };
		998055E41A26C3F0003A150B /* ItemScrollViewController.h */ = {isa = PBXFileReference; fileEncoding = 4; lastKnownFileType = sourcecode.c.h; path = ItemScrollViewController.h; sourceTree = "<group>"; };
		998055E51A26C3F0003A150B /* ItemScrollViewController.m */ = {isa = PBXFileReference; fileEncoding = 4; lastKnownFileType = sourcecode.c.objc; path = ItemScrollViewController.m; sourceTree = "<group>"; };
		998055E71A26C42A003A150B /* ScrollItemsBrowser.h */ = {isa = PBXFileReference; fileEncoding = 4; lastKnownFileType = sourcecode.c.h; path = ScrollItemsBrowser.h; sourceTree = "<group>"; };
		998055E81A26C42A003A150B /* ScrollItemsBrowser.m */ = {isa = PBXFileReference; fileEncoding = 4; lastKnownFileType = sourcecode.c.objc; path = ScrollItemsBrowser.m; sourceTree = "<group>"; };
		998055EA1A26C861003A150B /* ScrollItem.h */ = {isa = PBXFileReference; fileEncoding = 4; lastKnownFileType = sourcecode.c.h; path = ScrollItem.h; sourceTree = "<group>"; };
		998055EB1A26C861003A150B /* ScrollItem.m */ = {isa = PBXFileReference; fileEncoding = 4; lastKnownFileType = sourcecode.c.objc; path = ScrollItem.m; sourceTree = "<group>"; };
		9985D9CF19F5F6A400A0506B /* ZhToPinyinViewController.h */ = {isa = PBXFileReference; fileEncoding = 4; lastKnownFileType = sourcecode.c.h; path = ZhToPinyinViewController.h; sourceTree = "<group>"; };
		9985D9D019F5F6A400A0506B /* ZhToPinyinViewController.m */ = {isa = PBXFileReference; fileEncoding = 4; lastKnownFileType = sourcecode.c.objc; path = ZhToPinyinViewController.m; sourceTree = "<group>"; };
		99B4092D1A2C5736000C7C8C /* M2AlertHelper.h */ = {isa = PBXFileReference; fileEncoding = 4; lastKnownFileType = sourcecode.c.h; path = M2AlertHelper.h; sourceTree = "<group>"; };
		99B4092E1A2C5736000C7C8C /* M2AlertHelper.m */ = {isa = PBXFileReference; fileEncoding = 4; lastKnownFileType = sourcecode.c.objc; path = M2AlertHelper.m; sourceTree = "<group>"; };
		99B409631A2CC6DE000C7C8C /* From1ToNViewController.h */ = {isa = PBXFileReference; fileEncoding = 4; lastKnownFileType = sourcecode.c.h; path = From1ToNViewController.h; sourceTree = "<group>"; };
		99B409641A2CC6DE000C7C8C /* From1ToNViewController.m */ = {isa = PBXFileReference; fileEncoding = 4; lastKnownFileType = sourcecode.c.objc; path = From1ToNViewController.m; sourceTree = "<group>"; };
		99B409661A2CC906000C7C8C /* M2Item1ToNTabView.h */ = {isa = PBXFileReference; fileEncoding = 4; lastKnownFileType = sourcecode.c.h; path = M2Item1ToNTabView.h; sourceTree = "<group>"; };
		99B409671A2CC906000C7C8C /* M2Item1ToNTabView.m */ = {isa = PBXFileReference; fileEncoding = 4; lastKnownFileType = sourcecode.c.objc; path = M2Item1ToNTabView.m; sourceTree = "<group>"; };
		99CE325B1A3549F8009938BC /* BadgeViewController.h */ = {isa = PBXFileReference; fileEncoding = 4; lastKnownFileType = sourcecode.c.h; path = BadgeViewController.h; sourceTree = "<group>"; };
		99CE325C1A3549F8009938BC /* BadgeViewController.m */ = {isa = PBXFileReference; fileEncoding = 4; lastKnownFileType = sourcecode.c.objc; path = BadgeViewController.m; sourceTree = "<group>"; };
		99CE325E1A354A0C009938BC /* BadgeView.h */ = {isa = PBXFileReference; fileEncoding = 4; lastKnownFileType = sourcecode.c.h; path = BadgeView.h; sourceTree = "<group>"; };
		99CE325F1A354A0C009938BC /* BadgeView.m */ = {isa = PBXFileReference; fileEncoding = 4; lastKnownFileType = sourcecode.c.objc; path = BadgeView.m; sourceTree = "<group>"; };
		99CE32611A354D62009938BC /* M2BadgeView.h */ = {isa = PBXFileReference; fileEncoding = 4; lastKnownFileType = sourcecode.c.h; path = M2BadgeView.h; sourceTree = "<group>"; };
		99CE32621A354D62009938BC /* M2BadgeView.m */ = {isa = PBXFileReference; fileEncoding = 4; lastKnownFileType = sourcecode.c.objc; path = M2BadgeView.m; sourceTree = "<group>"; };
		99DEE2A91A09C98E00D6F734 /* M7IdleSpaceFinder.h */ = {isa = PBXFileReference; fileEncoding = 4; lastKnownFileType = sourcecode.c.h; path = M7IdleSpaceFinder.h; sourceTree = "<group>"; };
		99DEE2AA1A09C98E00D6F734 /* M7IdleSpaceFinder.m */ = {isa = PBXFileReference; fileEncoding = 4; lastKnownFileType = sourcecode.c.objc; path = M7IdleSpaceFinder.m; sourceTree = "<group>"; };
		99DEE2CC1A0A1DD800D6F734 /* ImageCommentLinesView.h */ = {isa = PBXFileReference; fileEncoding = 4; lastKnownFileType = sourcecode.c.h; path = ImageCommentLinesView.h; sourceTree = "<group>"; };
		99DEE2CD1A0A1DD800D6F734 /* ImageCommentLinesView.m */ = {isa = PBXFileReference; fileEncoding = 4; lastKnownFileType = sourcecode.c.objc; path = ImageCommentLinesView.m; sourceTree = "<group>"; };
		99DEE2CF1A0B0CB600D6F734 /* M7SimpleIdleSpaceFinder.h */ = {isa = PBXFileReference; fileEncoding = 4; lastKnownFileType = sourcecode.c.h; path = M7SimpleIdleSpaceFinder.h; sourceTree = "<group>"; };
		99DEE2D01A0B0CB600D6F734 /* M7SimpleIdleSpaceFinder.m */ = {isa = PBXFileReference; fileEncoding = 4; lastKnownFileType = sourcecode.c.objc; path = M7SimpleIdleSpaceFinder.m; sourceTree = "<group>"; };
		99DEE2DF1A0B595500D6F734 /* ImageCommentNoLineViewController.h */ = {isa = PBXFileReference; fileEncoding = 4; lastKnownFileType = sourcecode.c.h; path = ImageCommentNoLineViewController.h; sourceTree = "<group>"; };
		99DEE2E01A0B595500D6F734 /* ImageCommentNoLineViewController.m */ = {isa = PBXFileReference; fileEncoding = 4; lastKnownFileType = sourcecode.c.objc; path = ImageCommentNoLineViewController.m; sourceTree = "<group>"; };
		99DEE2E21A0B598400D6F734 /* ImageCommentNoLineView.h */ = {isa = PBXFileReference; fileEncoding = 4; lastKnownFileType = sourcecode.c.h; path = ImageCommentNoLineView.h; sourceTree = "<group>"; };
		99DEE2E31A0B598400D6F734 /* ImageCommentNoLineView.m */ = {isa = PBXFileReference; fileEncoding = 4; lastKnownFileType = sourcecode.c.objc; path = ImageCommentNoLineView.m; sourceTree = "<group>"; };
		99DFE1CE19EA91F0008B20F2 /* PrepareForKuaiGame.app */ = {isa = PBXFileReference; explicitFileType = wrapper.application; includeInIndex = 0; path = PrepareForKuaiGame.app; sourceTree = BUILT_PRODUCTS_DIR; };
		99DFE1D119EA91F0008B20F2 /* Foundation.framework */ = {isa = PBXFileReference; lastKnownFileType = wrapper.framework; name = Foundation.framework; path = System/Library/Frameworks/Foundation.framework; sourceTree = SDKROOT; };
		99DFE1D319EA91F0008B20F2 /* CoreGraphics.framework */ = {isa = PBXFileReference; lastKnownFileType = wrapper.framework; name = CoreGraphics.framework; path = System/Library/Frameworks/CoreGraphics.framework; sourceTree = SDKROOT; };
		99DFE1D519EA91F0008B20F2 /* UIKit.framework */ = {isa = PBXFileReference; lastKnownFileType = wrapper.framework; name = UIKit.framework; path = System/Library/Frameworks/UIKit.framework; sourceTree = SDKROOT; };
		99DFE1D919EA91F0008B20F2 /* PrepareForKuaiGame-Info.plist */ = {isa = PBXFileReference; lastKnownFileType = text.plist.xml; path = "PrepareForKuaiGame-Info.plist"; sourceTree = "<group>"; };
		99DFE1DB19EA91F0008B20F2 /* en */ = {isa = PBXFileReference; lastKnownFileType = text.plist.strings; name = en; path = en.lproj/InfoPlist.strings; sourceTree = "<group>"; };
		99DFE1DD19EA91F0008B20F2 /* main.m */ = {isa = PBXFileReference; lastKnownFileType = sourcecode.c.objc; path = main.m; sourceTree = "<group>"; };
		99DFE1DF19EA91F0008B20F2 /* PrepareForKuaiGame-Prefix.pch */ = {isa = PBXFileReference; lastKnownFileType = sourcecode.c.h; path = "PrepareForKuaiGame-Prefix.pch"; sourceTree = "<group>"; };
		99DFE1E019EA91F0008B20F2 /* AppDelegate.h */ = {isa = PBXFileReference; lastKnownFileType = sourcecode.c.h; path = AppDelegate.h; sourceTree = "<group>"; };
		99DFE1E119EA91F0008B20F2 /* AppDelegate.m */ = {isa = PBXFileReference; lastKnownFileType = sourcecode.c.objc; path = AppDelegate.m; sourceTree = "<group>"; };
		99DFE1E319EA91F0008B20F2 /* Images.xcassets */ = {isa = PBXFileReference; lastKnownFileType = folder.assetcatalog; path = Images.xcassets; sourceTree = "<group>"; };
		99DFE1EA19EA91F0008B20F2 /* XCTest.framework */ = {isa = PBXFileReference; lastKnownFileType = wrapper.framework; name = XCTest.framework; path = Library/Frameworks/XCTest.framework; sourceTree = DEVELOPER_DIR; };
		99DFE20019EA9240008B20F2 /* RootViewController.h */ = {isa = PBXFileReference; fileEncoding = 4; lastKnownFileType = sourcecode.c.h; path = RootViewController.h; sourceTree = "<group>"; };
		99DFE20119EA9240008B20F2 /* RootViewController.m */ = {isa = PBXFileReference; fileEncoding = 4; lastKnownFileType = sourcecode.c.objc; path = RootViewController.m; sourceTree = "<group>"; };
		99DFE20319EA924F008B20F2 /* _tempViewController.h */ = {isa = PBXFileReference; fileEncoding = 4; lastKnownFileType = sourcecode.c.h; path = _tempViewController.h; sourceTree = "<group>"; };
		99DFE20419EA924F008B20F2 /* _tempViewController.m */ = {isa = PBXFileReference; fileEncoding = 4; lastKnownFileType = sourcecode.c.objc; path = _tempViewController.m; sourceTree = "<group>"; };
		99DFE20919EAA2A5008B20F2 /* ImageCommentViewController.h */ = {isa = PBXFileReference; fileEncoding = 4; lastKnownFileType = sourcecode.c.h; path = ImageCommentViewController.h; sourceTree = "<group>"; };
		99DFE20A19EAA2A5008B20F2 /* ImageCommentViewController.m */ = {isa = PBXFileReference; fileEncoding = 4; lastKnownFileType = sourcecode.c.objc; path = ImageCommentViewController.m; sourceTree = "<group>"; };
		99DFE20C19EAA2C6008B20F2 /* ImageCommentView.h */ = {isa = PBXFileReference; fileEncoding = 4; lastKnownFileType = sourcecode.c.h; path = ImageCommentView.h; sourceTree = "<group>"; };
		99DFE20D19EAA2C6008B20F2 /* ImageCommentView.m */ = {isa = PBXFileReference; fileEncoding = 4; lastKnownFileType = sourcecode.c.objc; path = ImageCommentView.m; sourceTree = "<group>"; };
		99E902A91A2D59CC009A9F42 /* M2AlertOldStyleHelper.h */ = {isa = PBXFileReference; fileEncoding = 4; lastKnownFileType = sourcecode.c.h; path = M2AlertOldStyleHelper.h; sourceTree = "<group>"; };
		99E902AA1A2D59CC009A9F42 /* M2AlertOldStyleHelper.m */ = {isa = PBXFileReference; fileEncoding = 4; lastKnownFileType = sourcecode.c.objc; path = M2AlertOldStyleHelper.m; sourceTree = "<group>"; };
/* End PBXFileReference section */

/* Begin PBXFrameworksBuildPhase section */
		99DFE1CB19EA91F0008B20F2 /* Frameworks */ = {
			isa = PBXFrameworksBuildPhase;
			buildActionMask = 2147483647;
			files = (
				99DFE1D419EA91F0008B20F2 /* CoreGraphics.framework in Frameworks */,
				99DFE1D619EA91F0008B20F2 /* UIKit.framework in Frameworks */,
				99DFE1D219EA91F0008B20F2 /* Foundation.framework in Frameworks */,
			);
			runOnlyForDeploymentPostprocessing = 0;
		};
/* End PBXFrameworksBuildPhase section */

/* Begin PBXGroup section */
		993376BE1A08BB8B00126087 /* Resources */ = {
			isa = PBXGroup;
			children = (
				996EBF0B1A2469E000345855 /* files */,
				993376BF1A08BB8B00126087 /* images */,
			);
			path = Resources;
			sourceTree = "<group>";
		};
		993376BF1A08BB8B00126087 /* images */ = {
			isa = PBXGroup;
			children = (
				993376C01A08BC5700126087 /* temp_image@2x.png */,
			);
			path = images;
			sourceTree = "<group>";
		};
		9943B5C51A2C4A770030D749 /* 6.AlertView等适配iOS8 */ = {
			isa = PBXGroup;
			children = (
				9943B5C61A2C4ABD0030D749 /* AlertAdapterViewController.h */,
				9943B5C71A2C4ABD0030D749 /* AlertAdapterViewController.m */,
				99B4092D1A2C5736000C7C8C /* M2AlertHelper.h */,
				99B4092E1A2C5736000C7C8C /* M2AlertHelper.m */,
				99E902A91A2D59CC009A9F42 /* M2AlertOldStyleHelper.h */,
				99E902AA1A2D59CC009A9F42 /* M2AlertOldStyleHelper.m */,
			);
			name = "6.AlertView等适配iOS8";
			sourceTree = "<group>";
		};
		9948E4B01A199DB4000E841F /* 3.screen尺寸及键盘适配 */ = {
			isa = PBXGroup;
			children = (
				9948E4B11A199E0A000E841F /* KeyboardAdaptViewController.h */,
				9948E4B21A199E0A000E841F /* KeyboardAdaptViewController.m */,
				9948E4B41A199ED3000E841F /* KeyboardAdaptView.h */,
				9948E4B51A199ED3000E841F /* KeyboardAdaptView.m */,
				9948E4B71A199EEA000E841F /* KeyboardAdaptUnFullScreenView.h */,
				9948E4B81A199EEA000E841F /* KeyboardAdaptUnFullScreenView.m */,
				9948E4BD1A19F47D000E841F /* M2ScreenCalcHelper.h */,
				9948E4BE1A19F47D000E841F /* M2ScreenCalcHelper.m */,
			);
			name = "3.screen尺寸及键盘适配";
			sourceTree = "<group>";
		};
		996EBF071A24621D00345855 /* 4.html */ = {
			isa = PBXGroup;
			children = (
				996EBF081A24627200345855 /* HtmlViewController.h */,
				996EBF091A24627200345855 /* HtmlViewController.m */,
			);
			name = 4.html;
			sourceTree = "<group>";
		};
		996EBF0B1A2469E000345855 /* files */ = {
			isa = PBXGroup;
			children = (
				996EBF0C1A2469E000345855 /* html.html */,
			);
			path = files;
			sourceTree = "<group>";
		};
		998055E31A26C387003A150B /* 5.item浏览 */ = {
			isa = PBXGroup;
			children = (
				998055E41A26C3F0003A150B /* ItemScrollViewController.h */,
				998055E51A26C3F0003A150B /* ItemScrollViewController.m */,
				998055E71A26C42A003A150B /* ScrollItemsBrowser.h */,
				998055E81A26C42A003A150B /* ScrollItemsBrowser.m */,
				998055EA1A26C861003A150B /* ScrollItem.h */,
				998055EB1A26C861003A150B /* ScrollItem.m */,
			);
			name = "5.item浏览";
			sourceTree = "<group>";
		};
		9985D9CE19F5F65C00A0506B /* 2.中文转拼音 */ = {
			isa = PBXGroup;
			children = (
				9985D9CF19F5F6A400A0506B /* ZhToPinyinViewController.h */,
				9985D9D019F5F6A400A0506B /* ZhToPinyinViewController.m */,
			);
			name = "2.中文转拼音";
			sourceTree = "<group>";
		};
		99B409621A2CC696000C7C8C /* 7.从1到N的tab */ = {
			isa = PBXGroup;
			children = (
				99B409631A2CC6DE000C7C8C /* From1ToNViewController.h */,
				99B409641A2CC6DE000C7C8C /* From1ToNViewController.m */,
				99B409661A2CC906000C7C8C /* M2Item1ToNTabView.h */,
				99B409671A2CC906000C7C8C /* M2Item1ToNTabView.m */,
			);
			name = "7.从1到N的tab";
			sourceTree = "<group>";
		};
		99CE325A1A3549BE009938BC /* 8.适应文字长度的badge */ = {
			isa = PBXGroup;
			children = (
				99CE325B1A3549F8009938BC /* BadgeViewController.h */,
				99CE325C1A3549F8009938BC /* BadgeViewController.m */,
				99CE325E1A354A0C009938BC /* BadgeView.h */,
				99CE325F1A354A0C009938BC /* BadgeView.m */,
				99CE32611A354D62009938BC /* M2BadgeView.h */,
				99CE32621A354D62009938BC /* M2BadgeView.m */,
			);
			name = "8.适应文字长度的badge";
			sourceTree = "<group>";
		};
		99DEE2DE1A0B58F000D6F734 /* 1+.图片吐槽无线 */ = {
			isa = PBXGroup;
			children = (
				99DEE2DF1A0B595500D6F734 /* ImageCommentNoLineViewController.h */,
				99DEE2E01A0B595500D6F734 /* ImageCommentNoLineViewController.m */,
				99DEE2E21A0B598400D6F734 /* ImageCommentNoLineView.h */,
				99DEE2E31A0B598400D6F734 /* ImageCommentNoLineView.m */,
			);
			name = "1+.图片吐槽无线";
			sourceTree = "<group>";
		};
		99DFE1C519EA91F0008B20F2 = {
			isa = PBXGroup;
			children = (
				99DFE1D719EA91F0008B20F2 /* PrepareForKuaiGame */,
				99DFE1D019EA91F0008B20F2 /* Frameworks */,
				99DFE1CF19EA91F0008B20F2 /* Products */,
			);
			sourceTree = "<group>";
		};
		99DFE1CF19EA91F0008B20F2 /* Products */ = {
			isa = PBXGroup;
			children = (
				99DFE1CE19EA91F0008B20F2 /* PrepareForKuaiGame.app */,
			);
			name = Products;
			sourceTree = "<group>";
		};
		99DFE1D019EA91F0008B20F2 /* Frameworks */ = {
			isa = PBXGroup;
			children = (
				99DFE1D119EA91F0008B20F2 /* Foundation.framework */,
				99DFE1D319EA91F0008B20F2 /* CoreGraphics.framework */,
				99DFE1D519EA91F0008B20F2 /* UIKit.framework */,
				99DFE1EA19EA91F0008B20F2 /* XCTest.framework */,
			);
			name = Frameworks;
			sourceTree = "<group>";
		};
		99DFE1D719EA91F0008B20F2 /* PrepareForKuaiGame */ = {
			isa = PBXGroup;
			children = (
				99DFE1E019EA91F0008B20F2 /* AppDelegate.h */,
				99DFE1E119EA91F0008B20F2 /* AppDelegate.m */,
				9948E4BA1A19D4AB000E841F /* PFKGNavigationController.h */,
				9948E4BB1A19D4AB000E841F /* PFKGNavigationController.m */,
				99DFE20019EA9240008B20F2 /* RootViewController.h */,
				99DFE20119EA9240008B20F2 /* RootViewController.m */,
				99DFE20319EA924F008B20F2 /* _tempViewController.h */,
				99DFE20419EA924F008B20F2 /* _tempViewController.m */,
				99DFE20719EA941F008B20F2 /* 1.图片吐槽 */,
				99DEE2DE1A0B58F000D6F734 /* 1+.图片吐槽无线 */,
				9985D9CE19F5F65C00A0506B /* 2.中文转拼音 */,
				9948E4B01A199DB4000E841F /* 3.screen尺寸及键盘适配 */,
				996EBF071A24621D00345855 /* 4.html */,
				998055E31A26C387003A150B /* 5.item浏览 */,
				9943B5C51A2C4A770030D749 /* 6.AlertView等适配iOS8 */,
				99B409621A2CC696000C7C8C /* 7.从1到N的tab */,
				99CE325A1A3549BE009938BC /* 8.适应文字长度的badge */,
				99DFE1E319EA91F0008B20F2 /* Images.xcassets */,
				993376BE1A08BB8B00126087 /* Resources */,
				99DFE1D819EA91F0008B20F2 /* Supporting Files */,
			);
			path = PrepareForKuaiGame;
			sourceTree = "<group>";
		};
		99DFE1D819EA91F0008B20F2 /* Supporting Files */ = {
			isa = PBXGroup;
			children = (
				99DFE1D919EA91F0008B20F2 /* PrepareForKuaiGame-Info.plist */,
				99DFE1DA19EA91F0008B20F2 /* InfoPlist.strings */,
				99DFE1DD19EA91F0008B20F2 /* main.m */,
				99DFE1DF19EA91F0008B20F2 /* PrepareForKuaiGame-Prefix.pch */,
			);
			name = "Supporting Files";
			sourceTree = "<group>";
		};
		99DFE20719EA941F008B20F2 /* 1.图片吐槽 */ = {
			isa = PBXGroup;
			children = (
				99DFE20919EAA2A5008B20F2 /* ImageCommentViewController.h */,
				99DFE20A19EAA2A5008B20F2 /* ImageCommentViewController.m */,
				99DFE20C19EAA2C6008B20F2 /* ImageCommentView.h */,
				99DFE20D19EAA2C6008B20F2 /* ImageCommentView.m */,
				99DEE2CF1A0B0CB600D6F734 /* M7SimpleIdleSpaceFinder.h */,
				99DEE2D01A0B0CB600D6F734 /* M7SimpleIdleSpaceFinder.m */,
				99DEE2A91A09C98E00D6F734 /* M7IdleSpaceFinder.h */,
				99DEE2AA1A09C98E00D6F734 /* M7IdleSpaceFinder.m */,
				99DEE2CC1A0A1DD800D6F734 /* ImageCommentLinesView.h */,
				99DEE2CD1A0A1DD800D6F734 /* ImageCommentLinesView.m */,
			);
			name = "1.图片吐槽";
			sourceTree = "<group>";
		};
/* End PBXGroup section */

/* Begin PBXNativeTarget section */
		99DFE1CD19EA91F0008B20F2 /* PrepareForKuaiGame */ = {
			isa = PBXNativeTarget;
			buildConfigurationList = 99DFE1FA19EA91F1008B20F2 /* Build configuration list for PBXNativeTarget "PrepareForKuaiGame" */;
			buildPhases = (
				99DFE1CA19EA91F0008B20F2 /* Sources */,
				99DFE1CB19EA91F0008B20F2 /* Frameworks */,
				99DFE1CC19EA91F0008B20F2 /* Resources */,
			);
			buildRules = (
			);
			dependencies = (
			);
			name = PrepareForKuaiGame;
			productName = PrepareForKuaiGame;
			productReference = 99DFE1CE19EA91F0008B20F2 /* PrepareForKuaiGame.app */;
			productType = "com.apple.product-type.application";
		};
/* End PBXNativeTarget section */

/* Begin PBXProject section */
		99DFE1C619EA91F0008B20F2 /* Project object */ = {
			isa = PBXProject;
			attributes = {
				LastUpgradeCheck = 0510;
				ORGANIZATIONNAME = chenms.m2;
			};
			buildConfigurationList = 99DFE1C919EA91F0008B20F2 /* Build configuration list for PBXProject "PrepareForKuaiGame" */;
			compatibilityVersion = "Xcode 3.2";
			developmentRegion = English;
			hasScannedForEncodings = 0;
			knownRegions = (
				en,
			);
			mainGroup = 99DFE1C519EA91F0008B20F2;
			productRefGroup = 99DFE1CF19EA91F0008B20F2 /* Products */;
			projectDirPath = "";
			projectRoot = "";
			targets = (
				99DFE1CD19EA91F0008B20F2 /* PrepareForKuaiGame */,
			);
		};
/* End PBXProject section */

/* Begin PBXResourcesBuildPhase section */
		99DFE1CC19EA91F0008B20F2 /* Resources */ = {
			isa = PBXResourcesBuildPhase;
			buildActionMask = 2147483647;
			files = (
				993376C11A08BC5700126087 /* temp_image@2x.png in Resources */,
				996EBF0D1A2469E000345855 /* html.html in Resources */,
				99DFE1DC19EA91F0008B20F2 /* InfoPlist.strings in Resources */,
				99DFE1E419EA91F0008B20F2 /* Images.xcassets in Resources */,
			);
			runOnlyForDeploymentPostprocessing = 0;
		};
/* End PBXResourcesBuildPhase section */

/* Begin PBXSourcesBuildPhase section */
		99DFE1CA19EA91F0008B20F2 /* Sources */ = {
			isa = PBXSourcesBuildPhase;
			buildActionMask = 2147483647;
			files = (
				99B409651A2CC6DE000C7C8C /* From1ToNViewController.m in Sources */,
				9948E4BF1A19F47D000E841F /* M2ScreenCalcHelper.m in Sources */,
				99CE325D1A3549F8009938BC /* BadgeViewController.m in Sources */,
				99DEE2E11A0B595500D6F734 /* ImageCommentNoLineViewController.m in Sources */,
				9948E4BC1A19D4AB000E841F /* PFKGNavigationController.m in Sources */,
				998055E61A26C3F0003A150B /* ItemScrollViewController.m in Sources */,
				9948E4B31A199E0A000E841F /* KeyboardAdaptViewController.m in Sources */,
				99DFE20E19EAA2C6008B20F2 /* ImageCommentView.m in Sources */,
				99DEE2CE1A0A1DD800D6F734 /* ImageCommentLinesView.m in Sources */,
				9948E4B61A199ED3000E841F /* KeyboardAdaptView.m in Sources */,
				99B409681A2CC906000C7C8C /* M2Item1ToNTabView.m in Sources */,
				99DEE2D11A0B0CB600D6F734 /* M7SimpleIdleSpaceFinder.m in Sources */,
				9985D9D119F5F6A400A0506B /* ZhToPinyinViewController.m in Sources */,
				99CE32631A354D62009938BC /* M2BadgeView.m in Sources */,
				99B4092F1A2C5736000C7C8C /* M2AlertHelper.m in Sources */,
				99E902AB1A2D59CC009A9F42 /* M2AlertOldStyleHelper.m in Sources */,
				99DFE20B19EAA2A5008B20F2 /* ImageCommentViewController.m in Sources */,
				99DFE20519EA924F008B20F2 /* _tempViewController.m in Sources */,
				998055E91A26C42A003A150B /* ScrollItemsBrowser.m in Sources */,
				99DEE2AB1A09C98E00D6F734 /* M7IdleSpaceFinder.m in Sources */,
				99DFE1E219EA91F0008B20F2 /* AppDelegate.m in Sources */,
				9948E4B91A199EEA000E841F /* KeyboardAdaptUnFullScreenView.m in Sources */,
				99DEE2E41A0B598400D6F734 /* ImageCommentNoLineView.m in Sources */,
				9943B5C81A2C4ABD0030D749 /* AlertAdapterViewController.m in Sources */,
				99DFE1DE19EA91F0008B20F2 /* main.m in Sources */,
				998055EC1A26C861003A150B /* ScrollItem.m in Sources */,
				99CE32601A354A0D009938BC /* BadgeView.m in Sources */,
				99DFE20219EA9240008B20F2 /* RootViewController.m in Sources */,
				996EBF0A1A24627200345855 /* HtmlViewController.m in Sources */,
			);
			runOnlyForDeploymentPostprocessing = 0;
		};
/* End PBXSourcesBuildPhase section */

/* Begin PBXVariantGroup section */
		99DFE1DA19EA91F0008B20F2 /* InfoPlist.strings */ = {
			isa = PBXVariantGroup;
			children = (
				99DFE1DB19EA91F0008B20F2 /* en */,
			);
			name = InfoPlist.strings;
			sourceTree = "<group>";
		};
/* End PBXVariantGroup section */

/* Begin XCBuildConfiguration section */
		99DFE1F819EA91F1008B20F2 /* Debug */ = {
			isa = XCBuildConfiguration;
			buildSettings = {
				ALWAYS_SEARCH_USER_PATHS = NO;
				ARCHS = (
					armv7s,
					armv7,
				);
				CLANG_CXX_LANGUAGE_STANDARD = "gnu++0x";
				CLANG_CXX_LIBRARY = "libc++";
				CLANG_ENABLE_MODULES = YES;
				CLANG_ENABLE_OBJC_ARC = YES;
				CLANG_WARN_BOOL_CONVERSION = YES;
				CLANG_WARN_CONSTANT_CONVERSION = YES;
				CLANG_WARN_DIRECT_OBJC_ISA_USAGE = YES_ERROR;
				CLANG_WARN_EMPTY_BODY = YES;
				CLANG_WARN_ENUM_CONVERSION = YES;
				CLANG_WARN_INT_CONVERSION = YES;
				CLANG_WARN_OBJC_ROOT_CLASS = YES_ERROR;
				CLANG_WARN__DUPLICATE_METHOD_MATCH = YES;
				"CODE_SIGN_IDENTITY[sdk=iphoneos*]" = "iPhone Developer";
				COPY_PHASE_STRIP = NO;
				GCC_C_LANGUAGE_STANDARD = gnu99;
				GCC_DYNAMIC_NO_PIC = NO;
				GCC_OPTIMIZATION_LEVEL = 0;
				GCC_PREPROCESSOR_DEFINITIONS = (
					"DEBUG=1",
					"$(inherited)",
				);
				GCC_SYMBOLS_PRIVATE_EXTERN = NO;
				GCC_WARN_64_TO_32_BIT_CONVERSION = YES;
				GCC_WARN_ABOUT_RETURN_TYPE = YES_ERROR;
				GCC_WARN_UNDECLARED_SELECTOR = YES;
				GCC_WARN_UNINITIALIZED_AUTOS = YES_AGGRESSIVE;
				GCC_WARN_UNUSED_FUNCTION = YES;
				GCC_WARN_UNUSED_VARIABLE = YES;
				IPHONEOS_DEPLOYMENT_TARGET = 7.0;
				ONLY_ACTIVE_ARCH = YES;
				SDKROOT = iphoneos;
				TARGETED_DEVICE_FAMILY = "1,2";
				VALID_ARCHS = "armv7 armv7s";
			};
			name = Debug;
		};
		99DFE1F919EA91F1008B20F2 /* Release */ = {
			isa = XCBuildConfiguration;
			buildSettings = {
				ALWAYS_SEARCH_USER_PATHS = NO;
				ARCHS = (
					armv7s,
					armv7,
				);
				CLANG_CXX_LANGUAGE_STANDARD = "gnu++0x";
				CLANG_CXX_LIBRARY = "libc++";
				CLANG_ENABLE_MODULES = YES;
				CLANG_ENABLE_OBJC_ARC = YES;
				CLANG_WARN_BOOL_CONVERSION = YES;
				CLANG_WARN_CONSTANT_CONVERSION = YES;
				CLANG_WARN_DIRECT_OBJC_ISA_USAGE = YES_ERROR;
				CLANG_WARN_EMPTY_BODY = YES;
				CLANG_WARN_ENUM_CONVERSION = YES;
				CLANG_WARN_INT_CONVERSION = YES;
				CLANG_WARN_OBJC_ROOT_CLASS = YES_ERROR;
				CLANG_WARN__DUPLICATE_METHOD_MATCH = YES;
				"CODE_SIGN_IDENTITY[sdk=iphoneos*]" = "iPhone Developer";
				COPY_PHASE_STRIP = YES;
				ENABLE_NS_ASSERTIONS = NO;
				GCC_C_LANGUAGE_STANDARD = gnu99;
				GCC_WARN_64_TO_32_BIT_CONVERSION = YES;
				GCC_WARN_ABOUT_RETURN_TYPE = YES_ERROR;
				GCC_WARN_UNDECLARED_SELECTOR = YES;
				GCC_WARN_UNINITIALIZED_AUTOS = YES_AGGRESSIVE;
				GCC_WARN_UNUSED_FUNCTION = YES;
				GCC_WARN_UNUSED_VARIABLE = YES;
				IPHONEOS_DEPLOYMENT_TARGET = 7.0;
				SDKROOT = iphoneos;
				TARGETED_DEVICE_FAMILY = "1,2";
				VALIDATE_PRODUCT = YES;
				VALID_ARCHS = "armv7 armv7s";
			};
			name = Release;
		};
		99DFE1FB19EA91F1008B20F2 /* Debug */ = {
			isa = XCBuildConfiguration;
			buildSettings = {
				ASSETCATALOG_COMPILER_APPICON_NAME = AppIcon;
				ASSETCATALOG_COMPILER_LAUNCHIMAGE_NAME = LaunchImage;
				GCC_PRECOMPILE_PREFIX_HEADER = YES;
				GCC_PREFIX_HEADER = "PrepareForKuaiGame/PrepareForKuaiGame-Prefix.pch";
				INFOPLIST_FILE = "PrepareForKuaiGame/PrepareForKuaiGame-Info.plist";
				PRODUCT_NAME = "$(TARGET_NAME)";
				WRAPPER_EXTENSION = app;
			};
			name = Debug;
		};
		99DFE1FC19EA91F1008B20F2 /* Release */ = {
			isa = XCBuildConfiguration;
			buildSettings = {
				ASSETCATALOG_COMPILER_APPICON_NAME = AppIcon;
				ASSETCATALOG_COMPILER_LAUNCHIMAGE_NAME = LaunchImage;
				GCC_PRECOMPILE_PREFIX_HEADER = YES;
				GCC_PREFIX_HEADER = "PrepareForKuaiGame/PrepareForKuaiGame-Prefix.pch";
				INFOPLIST_FILE = "PrepareForKuaiGame/PrepareForKuaiGame-Info.plist";
				PRODUCT_NAME = "$(TARGET_NAME)";
				WRAPPER_EXTENSION = app;
			};
			name = Release;
		};
/* End XCBuildConfiguration section */

/* Begin XCConfigurationList section */
		99DFE1C919EA91F0008B20F2 /* Build configuration list for PBXProject "PrepareForKuaiGame" */ = {
			isa = XCConfigurationList;
			buildConfigurations = (
				99DFE1F819EA91F1008B20F2 /* Debug */,
				99DFE1F919EA91F1008B20F2 /* Release */,
			);
			defaultConfigurationIsVisible = 0;
			defaultConfigurationName = Release;
		};
		99DFE1FA19EA91F1008B20F2 /* Build configuration list for PBXNativeTarget "PrepareForKuaiGame" */ = {
			isa = XCConfigurationList;
			buildConfigurations = (
				99DFE1FB19EA91F1008B20F2 /* Debug */,
				99DFE1FC19EA91F1008B20F2 /* Release */,
			);
			defaultConfigurationIsVisible = 0;
			defaultConfigurationName = Release;
		};
/* End XCConfigurationList section */
	};
	rootObject = 99DFE1C619EA91F0008B20F2 /* Project object */;
}
